
Microsoft Visual Studio Solution File, Format Version 12.00
# Visual Studio Version 17
VisualStudioVersion = 17.6.33815.320
MinimumVisualStudioVersion = 10.0.40219.1
Project("{FAE04EC0-301F-11D3-BF4B-00C04F79EFBC}") = "Reports", "Reports\Reports.csproj", "{B220A234-A849-4BA0-897F-43857E0B936A}"
EndProject
Global
	GlobalSection(SolutionConfigurationPlatforms) = preSolution
		Debug|Any CPU = Debug|Any CPU
		Release|Any CPU = Release|Any CPU
	EndGlobalSection
	GlobalSection(ProjectConfigurationPlatforms) = postSolution
		{B220A234-A849-4BA0-897F-43857E0B936A}.Debug|Any CPU.ActiveCfg = Debug|Any CPU
		{B220A234-A849-4BA0-897F-43857E0B936A}.Debug|Any CPU.Build.0 = Debug|Any CPU
		{B220A234-A849-4BA0-897F-43857E0B936A}.Release|Any CPU.ActiveCfg = Release|Any CPU
		{B220A234-A849-4BA0-897F-43857E0B936A}.Release|Any CPU.Build.0 = Release|Any CPU
	EndGlobalSection
	GlobalSection(SolutionProperties) = preSolution
		HideSolutionNode = FALSE
	EndGlobalSection
	GlobalSection(ExtensibilityGlobals) = postSolution
		SolutionGuid = {2F4F464B-FD82-4F04-B98B-8DE1B7FD7B35}
	EndGlobalSection
EndGlobal
